{
  "nodes": {
    "flake-utils": {
      "inputs": {
        "systems": "systems"
      },
      "locked": {
        "lastModified": 1710146030,
        "narHash": "sha256-SZ5L6eA7HJ/nmkzGG7/ISclqe6oZdOZTNoesiInkXPQ=",
        "owner": "numtide",
        "repo": "flake-utils",
        "rev": "b1d9ab70662946ef0850d488da1c9019f3a9752a",
        "type": "github"
      },
      "original": {
        "owner": "numtide",
        "repo": "flake-utils",
        "type": "github"
      }
    },
    "lowrisc-nix": {
      "inputs": {
        "flake-utils": "flake-utils",
        "nixpkgs": "nixpkgs",
        "poetry2nix": "poetry2nix",
        "rust-overlay": "rust-overlay"
      },
      "locked": {
        "lastModified": 1719996316,
        "narHash": "sha256-GLBBqRrQXxz5sqlZ/U4kJMA1e5iZKiSw5t5LJgvcv54=",
        "owner": "lowRISC",
        "repo": "lowrisc-nix",
        "rev": "c1bf4208e3db00c779a4b6aef58746cc5dc55811",
        "type": "github"
      },
      "original": {
        "owner": "lowRISC",
        "repo": "lowrisc-nix",
        "type": "github"
      }
    },
    "nix-github-actions": {
      "inputs": {
        "nixpkgs": [
          "lowrisc-nix",
          "poetry2nix",
          "nixpkgs"
        ]
      },
      "locked": {
        "lastModified": 1703863825,
        "narHash": "sha256-rXwqjtwiGKJheXB43ybM8NwWB8rO2dSRrEqes0S7F5Y=",
        "owner": "nix-community",
        "repo": "nix-github-actions",
        "rev": "5163432afc817cf8bd1f031418d1869e4c9d5547",
        "type": "github"
      },
      "original": {
        "owner": "nix-community",
        "repo": "nix-github-actions",
        "type": "github"
      }
    },
    "nixpkgs": {
      "locked": {
        "lastModified": 1717144377,
        "narHash": "sha256-F/TKWETwB5RaR8owkPPi+SPJh83AQsm6KrQAlJ8v/uA=",
        "owner": "NixOS",
        "repo": "nixpkgs",
        "rev": "805a384895c696f802a9bf5bf4720f37385df547",
        "type": "github"
      },
      "original": {
        "owner": "NixOS",
        "ref": "nixos-24.05",
        "repo": "nixpkgs",
        "type": "github"
      }
    },
    "poetry2nix": {
      "inputs": {
        "flake-utils": [
          "lowrisc-nix",
          "flake-utils"
        ],
        "nix-github-actions": "nix-github-actions",
        "nixpkgs": [
          "lowrisc-nix",
          "nixpkgs"
        ],
        "systems": "systems_2",
        "treefmt-nix": "treefmt-nix"
      },
      "locked": {
        "lastModified": 1717250109,
        "narHash": "sha256-MTivB5fsfaPtWwcibBhs20hHYEUe9o9bTRXsGJjQRso=",
        "owner": "nix-community",
        "repo": "poetry2nix",
        "rev": "11e97e742da5b4e43c27cfe13fca904e82fd4e56",
        "type": "github"
      },
      "original": {
        "owner": "nix-community",
        "repo": "poetry2nix",
        "type": "github"
      }
    },
    "root": {
      "inputs": {
        "flake-utils": [
          "lowrisc-nix",
          "flake-utils"
        ],
        "lowrisc-nix": "lowrisc-nix",
        "nixpkgs": [
          "lowrisc-nix",
          "nixpkgs"
        ],
        "poetry2nix": [
          "lowrisc-nix",
          "poetry2nix"
        ]
      }
    },
    "rust-overlay": {
      "inputs": {
        "flake-utils": [
          "lowrisc-nix",
          "flake-utils"
        ],
        "nixpkgs": [
          "lowrisc-nix",
          "nixpkgs"
        ]
      },
      "locked": {
        "lastModified": 1717208326,
        "narHash": "sha256-4gVhbC+NjSQ4c6cJvJGNCI1oTcD+8jRRNAnOF9faGCE=",
        "owner": "oxalica",
        "repo": "rust-overlay",
        "rev": "ab69b67fac9a96709fbef0b899db308ca714a120",
        "type": "github"
      },
      "original": {
        "owner": "oxalica",
        "repo": "rust-overlay",
        "type": "github"
      }
    },
    "systems": {
      "locked": {
        "lastModified": 1681028828,
        "narHash": "sha256-Vy1rq5AaRuLzOxct8nz4T6wlgyUR7zLU309k9mBC768=",
        "owner": "nix-systems",
        "repo": "default",
        "rev": "da67096a3b9bf56a91d16901293e51ba5b49a27e",
        "type": "github"
      },
      "original": {
        "owner": "nix-systems",
        "repo": "default",
        "type": "github"
      }
    },
    "systems_2": {
      "locked": {
        "lastModified": 1681028828,
        "narHash": "sha256-Vy1rq5AaRuLzOxct8nz4T6wlgyUR7zLU309k9mBC768=",
        "owner": "nix-systems",
        "repo": "default",
        "rev": "da67096a3b9bf56a91d16901293e51ba5b49a27e",
        "type": "github"
      },
      "original": {
        "id": "systems",
        "type": "indirect"
      }
    },
    "treefmt-nix": {
      "inputs": {
        "nixpkgs": [
          "lowrisc-nix",
          "poetry2nix",
          "nixpkgs"
        ]
      },
      "locked": {
        "lastModified": 1717182148,
        "narHash": "sha256-Hi09/RoizxubRf3PHToT2Nm7TL8B/abSVa6q82uEgNI=",
        "owner": "numtide",
        "repo": "treefmt-nix",
        "rev": "03b982b77df58d5974c61c6022085bafe780c1cf",
        "type": "github"
      },
      "original": {
        "owner": "numtide",
        "repo": "treefmt-nix",
        "type": "github"
      }
    }
  },
  "root": "root",
  "version": 7
}
